Microsoft Visual Studio Solution File, Format Version 12.00
# Visual Studio Version 17
VisualStudioVersion = 17.5.2.0
MinimumVisualStudioVersion = 10.0.40219.1
Project("{FAE04EC0-301F-11D3-BF4B-00C04F79EFBC}") = "SGPla.Tests", "SGPla.Tests.csproj", "{D6133AC1-991E-7DE7-022A-39C0ACE7B0F2}"
EndProject
Global
	GlobalSection(SolutionConfigurationPlatforms) = preSolution
		Debug|Any CPU = Debug|Any CPU
		Release|Any CPU = Release|Any CPU
	EndGlobalSection
	GlobalSection(ProjectConfigurationPlatforms) = postSolution
		{D6133AC1-991E-7DE7-022A-39C0ACE7B0F2}.Debug|Any CPU.ActiveCfg = Debug|Any CPU
		{D6133AC1-991E-7DE7-022A-39C0ACE7B0F2}.Debug|Any CPU.Build.0 = Debug|Any CPU
		{D6133AC1-991E-7DE7-022A-39C0ACE7B0F2}.Release|Any CPU.ActiveCfg = Release|Any CPU
		{D6133AC1-991E-7DE7-022A-39C0ACE7B0F2}.Release|Any CPU.Build.0 = Release|Any CPU
	EndGlobalSection
	GlobalSection(SolutionProperties) = preSolution
		HideSolutionNode = FALSE
	EndGlobalSection
	GlobalSection(ExtensibilityGlobals) = postSolution
		SolutionGuid = {875B53D9-E688-403C-8B8E-3EFE95D34194}
	EndGlobalSection
EndGlobal
